
Microsoft Visual Studio Solution File, Format Version 12.00
Project("{FAE04EC0-301F-11D3-BF4B-00C04F79EFBC}") = "DrivingSchoolApi", "DrivingSchoolApi\DrivingSchoolApi.csproj", "{7684E633-13F4-40AF-B726-6AAEEE0DACA8}"
EndProject
Project("{2150E333-8FDC-42A3-9474-1A3956D46DE8}") = "Solution Items", "Solution Items", "{6E64D2AE-A822-4FEF-9428-6DFC8660835C}"
	ProjectSection(SolutionItems) = preProject
		compose.yaml = compose.yaml
	EndProjectSection
EndProject
Project("{2150E333-8FDC-42A3-9474-1A3956D46DE8}") = "src", "src", "{2CCA1764-B0CC-499C-B1C7-E02DD6008C50}"
EndProject
Project("{2150E333-8FDC-42A3-9474-1A3956D46DE8}") = "test", "test", "{54AB7CF7-2846-435B-980B-65A05D9E0390}"
EndProject
Project("{FAE04EC0-301F-11D3-BF4B-00C04F79EFBC}") = "DrivingSchoolApi.Application", "DrivingSchoolApi.Application\DrivingSchoolApi.Application.csproj", "{8E99E09F-4741-44E6-BE20-8DA2333C8945}"
EndProject
Project("{FAE04EC0-301F-11D3-BF4B-00C04F79EFBC}") = "DrivingSchoolApi.Domain", "DrivingSchoolApi.Domain\DrivingSchoolApi.Domain.csproj", "{99B40FCA-4E95-440E-8D9D-D3F1B0103391}"
EndProject
Project("{FAE04EC0-301F-11D3-BF4B-00C04F79EFBC}") = "DrivingSchoolApi.Infrastructure", "DrivingSchoolApi.Infrastructure\DrivingSchoolApi.Infrastructure.csproj", "{7C968A74-7F38-4180-AC16-8CBA8F16297F}"
EndProject
Project("{FAE04EC0-301F-11D3-BF4B-00C04F79EFBC}") = "DrivingSchoolApi.Domain.UnitTest", "DrivingSchoolApi.Domain.UnitTest\DrivingSchoolApi.Domain.UnitTest.csproj", "{123F76A2-73E9-4A79-BEEE-09B9C9534018}"
EndProject
Project("{FAE04EC0-301F-11D3-BF4B-00C04F79EFBC}") = "DrivingSchoolApi.Application.UnitTest", "DrivingSchoolApi.Application.UnitTest\DrivingSchoolApi.Application.UnitTest.csproj", "{D5409805-F023-4A04-8643-205DF455CEDE}"
EndProject
Project("{FAE04EC0-301F-11D3-BF4B-00C04F79EFBC}") = "DrivingSchoolApi.Infrastructure.IntegrationTest", "DrivingSchoolApi.Infrastructure.IntegrationTest\DrivingSchoolApi.Infrastructure.IntegrationTest.csproj", "{32E6C5A8-C0C1-4207-8338-6D1B9AB90323}"
EndProject
Project("{FAE04EC0-301F-11D3-BF4B-00C04F79EFBC}") = "DrivingSchoolApi.E2ETest", "DrivingSchoolApi.E2ETest\DrivingSchoolApi.E2ETest.csproj", "{D6839781-2D3E-4800-AFBE-1A5DFB6F1B99}"
EndProject
Global
	GlobalSection(SolutionConfigurationPlatforms) = preSolution
		Debug|Any CPU = Debug|Any CPU
		Release|Any CPU = Release|Any CPU
	EndGlobalSection
	GlobalSection(ProjectConfigurationPlatforms) = postSolution
		{7684E633-13F4-40AF-B726-6AAEEE0DACA8}.Debug|Any CPU.ActiveCfg = Debug|Any CPU
		{7684E633-13F4-40AF-B726-6AAEEE0DACA8}.Debug|Any CPU.Build.0 = Debug|Any CPU
		{7684E633-13F4-40AF-B726-6AAEEE0DACA8}.Release|Any CPU.ActiveCfg = Release|Any CPU
		{7684E633-13F4-40AF-B726-6AAEEE0DACA8}.Release|Any CPU.Build.0 = Release|Any CPU
		{8E99E09F-4741-44E6-BE20-8DA2333C8945}.Debug|Any CPU.ActiveCfg = Debug|Any CPU
		{8E99E09F-4741-44E6-BE20-8DA2333C8945}.Debug|Any CPU.Build.0 = Debug|Any CPU
		{8E99E09F-4741-44E6-BE20-8DA2333C8945}.Release|Any CPU.ActiveCfg = Release|Any CPU
		{8E99E09F-4741-44E6-BE20-8DA2333C8945}.Release|Any CPU.Build.0 = Release|Any CPU
		{99B40FCA-4E95-440E-8D9D-D3F1B0103391}.Debug|Any CPU.ActiveCfg = Debug|Any CPU
		{99B40FCA-4E95-440E-8D9D-D3F1B0103391}.Debug|Any CPU.Build.0 = Debug|Any CPU
		{99B40FCA-4E95-440E-8D9D-D3F1B0103391}.Release|Any CPU.ActiveCfg = Release|Any CPU
		{99B40FCA-4E95-440E-8D9D-D3F1B0103391}.Release|Any CPU.Build.0 = Release|Any CPU
		{7C968A74-7F38-4180-AC16-8CBA8F16297F}.Debug|Any CPU.ActiveCfg = Debug|Any CPU
		{7C968A74-7F38-4180-AC16-8CBA8F16297F}.Debug|Any CPU.Build.0 = Debug|Any CPU
		{7C968A74-7F38-4180-AC16-8CBA8F16297F}.Release|Any CPU.ActiveCfg = Release|Any CPU
		{7C968A74-7F38-4180-AC16-8CBA8F16297F}.Release|Any CPU.Build.0 = Release|Any CPU
		{123F76A2-73E9-4A79-BEEE-09B9C9534018}.Debug|Any CPU.ActiveCfg = Debug|Any CPU
		{123F76A2-73E9-4A79-BEEE-09B9C9534018}.Debug|Any CPU.Build.0 = Debug|Any CPU
		{123F76A2-73E9-4A79-BEEE-09B9C9534018}.Release|Any CPU.ActiveCfg = Release|Any CPU
		{123F76A2-73E9-4A79-BEEE-09B9C9534018}.Release|Any CPU.Build.0 = Release|Any CPU
		{D5409805-F023-4A04-8643-205DF455CEDE}.Debug|Any CPU.ActiveCfg = Debug|Any CPU
		{D5409805-F023-4A04-8643-205DF455CEDE}.Debug|Any CPU.Build.0 = Debug|Any CPU
		{D5409805-F023-4A04-8643-205DF455CEDE}.Release|Any CPU.ActiveCfg = Release|Any CPU
		{D5409805-F023-4A04-8643-205DF455CEDE}.Release|Any CPU.Build.0 = Release|Any CPU
		{32E6C5A8-C0C1-4207-8338-6D1B9AB90323}.Debug|Any CPU.ActiveCfg = Debug|Any CPU
		{32E6C5A8-C0C1-4207-8338-6D1B9AB90323}.Debug|Any CPU.Build.0 = Debug|Any CPU
		{32E6C5A8-C0C1-4207-8338-6D1B9AB90323}.Release|Any CPU.ActiveCfg = Release|Any CPU
		{32E6C5A8-C0C1-4207-8338-6D1B9AB90323}.Release|Any CPU.Build.0 = Release|Any CPU
		{D6839781-2D3E-4800-AFBE-1A5DFB6F1B99}.Debug|Any CPU.ActiveCfg = Debug|Any CPU
		{D6839781-2D3E-4800-AFBE-1A5DFB6F1B99}.Debug|Any CPU.Build.0 = Debug|Any CPU
		{D6839781-2D3E-4800-AFBE-1A5DFB6F1B99}.Release|Any CPU.ActiveCfg = Release|Any CPU
		{D6839781-2D3E-4800-AFBE-1A5DFB6F1B99}.Release|Any CPU.Build.0 = Release|Any CPU
	EndGlobalSection
	GlobalSection(NestedProjects) = preSolution
		{7684E633-13F4-40AF-B726-6AAEEE0DACA8} = {2CCA1764-B0CC-499C-B1C7-E02DD6008C50}
		{8E99E09F-4741-44E6-BE20-8DA2333C8945} = {2CCA1764-B0CC-499C-B1C7-E02DD6008C50}
		{99B40FCA-4E95-440E-8D9D-D3F1B0103391} = {2CCA1764-B0CC-499C-B1C7-E02DD6008C50}
		{7C968A74-7F38-4180-AC16-8CBA8F16297F} = {2CCA1764-B0CC-499C-B1C7-E02DD6008C50}
		{123F76A2-73E9-4A79-BEEE-09B9C9534018} = {54AB7CF7-2846-435B-980B-65A05D9E0390}
		{D5409805-F023-4A04-8643-205DF455CEDE} = {54AB7CF7-2846-435B-980B-65A05D9E0390}
		{32E6C5A8-C0C1-4207-8338-6D1B9AB90323} = {54AB7CF7-2846-435B-980B-65A05D9E0390}
		{D6839781-2D3E-4800-AFBE-1A5DFB6F1B99} = {54AB7CF7-2846-435B-980B-65A05D9E0390}
	EndGlobalSection
EndGlobal
